
Microsoft Visual Studio Solution File, Format Version 12.00
# Visual Studio Version 16
VisualStudioVersion = 16.0.31025.194
MinimumVisualStudioVersion = 10.0.40219.1
Project("{FAE04EC0-301F-11D3-BF4B-00C04F79EFBC}") = "Fan No Kami", "Fan No Kami\Fan No Kami.csproj", "{14149EE2-491E-4A9B-8A24-863CC77CED6A}"
EndProject
Global
	GlobalSection(SolutionConfigurationPlatforms) = preSolution
		Debug|Any CPU = Debug|Any CPU
		Release|Any CPU = Release|Any CPU
	EndGlobalSection
	GlobalSection(ProjectConfigurationPlatforms) = postSolution
		{14149EE2-491E-4A9B-8A24-863CC77CED6A}.Debug|Any CPU.ActiveCfg = Debug|Any CPU
		{14149EE2-491E-4A9B-8A24-863CC77CED6A}.Debug|Any CPU.Build.0 = Debug|Any CPU
		{14149EE2-491E-4A9B-8A24-863CC77CED6A}.Release|Any CPU.ActiveCfg = Release|Any CPU
		{14149EE2-491E-4A9B-8A24-863CC77CED6A}.Release|Any CPU.Build.0 = Release|Any CPU
	EndGlobalSection
	GlobalSection(SolutionProperties) = preSolution
		HideSolutionNode = FALSE
	EndGlobalSection
	GlobalSection(ExtensibilityGlobals) = postSolution
		SolutionGuid = {9DFB4902-48DD-408A-9F29-A87252FFE543}
	EndGlobalSection
EndGlobal
